
Microsoft Visual Studio Solution File, Format Version 12.00
# Visual Studio Version 17
VisualStudioVersion = 17.8.34316.72
MinimumVisualStudioVersion = 10.0.40219.1
Project("{FAE04EC0-301F-11D3-BF4B-00C04F79EFBC}") = "APP_Projeto", "APP_Projeto.csproj", "{4A8716EB-5691-44C3-817B-B1A8A75D55F3}"
EndProject
Global
	GlobalSection(SolutionConfigurationPlatforms) = preSolution
		Debug|Any CPU = Debug|Any CPU
		Release|Any CPU = Release|Any CPU
	EndGlobalSection
	GlobalSection(ProjectConfigurationPlatforms) = postSolution
		{4A8716EB-5691-44C3-817B-B1A8A75D55F3}.Debug|Any CPU.ActiveCfg = Debug|Any CPU
		{4A8716EB-5691-44C3-817B-B1A8A75D55F3}.Debug|Any CPU.Build.0 = Debug|Any CPU
		{4A8716EB-5691-44C3-817B-B1A8A75D55F3}.Release|Any CPU.ActiveCfg = Release|Any CPU
		{4A8716EB-5691-44C3-817B-B1A8A75D55F3}.Release|Any CPU.Build.0 = Release|Any CPU
	EndGlobalSection
	GlobalSection(SolutionProperties) = preSolution
		HideSolutionNode = FALSE
	EndGlobalSection
	GlobalSection(ExtensibilityGlobals) = postSolution
		SolutionGuid = {C2305EE7-63CE-410A-8AEB-BAC17D09D8B8}
	EndGlobalSection
EndGlobal
